
Microsoft Visual Studio Solution File, Format Version 12.00
# Visual Studio Version 17
VisualStudioVersion = 17.12.35506.116 d17.12
MinimumVisualStudioVersion = 10.0.40219.1
Project("{FAE04EC0-301F-11D3-BF4B-00C04F79EFBC}") = "Game0", "Game0\Game0.csproj", "{4FAD1E1E-BBE4-42C4-B36D-E5C4849DC7AD}"
EndProject
Global
	GlobalSection(SolutionConfigurationPlatforms) = preSolution
		Debug|Any CPU = Debug|Any CPU
		Release|Any CPU = Release|Any CPU
	EndGlobalSection
	GlobalSection(ProjectConfigurationPlatforms) = postSolution
		{4FAD1E1E-BBE4-42C4-B36D-E5C4849DC7AD}.Debug|Any CPU.ActiveCfg = Debug|Any CPU
		{4FAD1E1E-BBE4-42C4-B36D-E5C4849DC7AD}.Debug|Any CPU.Build.0 = Debug|Any CPU
		{4FAD1E1E-BBE4-42C4-B36D-E5C4849DC7AD}.Release|Any CPU.ActiveCfg = Release|Any CPU
		{4FAD1E1E-BBE4-42C4-B36D-E5C4849DC7AD}.Release|Any CPU.Build.0 = Release|Any CPU
	EndGlobalSection
	GlobalSection(SolutionProperties) = preSolution
		HideSolutionNode = FALSE
	EndGlobalSection
EndGlobal
